// !$*UTF8*$!
{
	archiveVersion = 1;
	classes = {
	};
	objectVersion = 50;
	objects = {

/* Begin PBXBuildFile section */
		986B054520AE0E5900CC179C /* GoalCell.swift in Sources */ = {isa = PBXBuildFile; fileRef = 986B054420AE0E5900CC179C /* GoalCell.swift */; };
		986B824520A3E62E000589B4 /* AppDelegate.swift in Sources */ = {isa = PBXBuildFile; fileRef = 986B824420A3E62E000589B4 /* AppDelegate.swift */; };
		986B824720A3E62E000589B4 /* GoalsVC.swift in Sources */ = {isa = PBXBuildFile; fileRef = 986B824620A3E62E000589B4 /* GoalsVC.swift */; };
		986B824A20A3E62E000589B4 /* Main.storyboard in Resources */ = {isa = PBXBuildFile; fileRef = 986B824820A3E62E000589B4 /* Main.storyboard */; };
		986B824D20A3E62E000589B4 /* Treffo.xcdatamodeld in Sources */ = {isa = PBXBuildFile; fileRef = 986B824B20A3E62E000589B4 /* Treffo.xcdatamodeld */; };
		986B824F20A3E630000589B4 /* Assets.xcassets in Resources */ = {isa = PBXBuildFile; fileRef = 986B824E20A3E630000589B4 /* Assets.xcassets */; };
		986B825220A3E630000589B4 /* LaunchScreen.storyboard in Resources */ = {isa = PBXBuildFile; fileRef = 986B825020A3E630000589B4 /* LaunchScreen.storyboard */; };
		98A10C0D20B7A1760034A661 /* GoalType.swift in Sources */ = {isa = PBXBuildFile; fileRef = 98A10C0C20B7A1760034A661 /* GoalType.swift */; };
/* End PBXBuildFile section */

/* Begin PBXFileReference section */
		986B054420AE0E5900CC179C /* GoalCell.swift */ = {isa = PBXFileReference; lastKnownFileType = sourcecode.swift; path = GoalCell.swift; sourceTree = "<group>"; };
		986B824120A3E62E000589B4 /* Treffo.app */ = {isa = PBXFileReference; explicitFileType = wrapper.application; includeInIndex = 0; path = Treffo.app; sourceTree = BUILT_PRODUCTS_DIR; };
		986B824420A3E62E000589B4 /* AppDelegate.swift */ = {isa = PBXFileReference; lastKnownFileType = sourcecode.swift; path = AppDelegate.swift; sourceTree = "<group>"; };
		986B824620A3E62E000589B4 /* GoalsVC.swift */ = {isa = PBXFileReference; lastKnownFileType = sourcecode.swift; path = GoalsVC.swift; sourceTree = "<group>"; };
		986B824920A3E62E000589B4 /* Base */ = {isa = PBXFileReference; lastKnownFileType = file.storyboard; name = Base; path = Base.lproj/Main.storyboard; sourceTree = "<group>"; };
		986B824C20A3E62E000589B4 /* Treffo.xcdatamodel */ = {isa = PBXFileReference; lastKnownFileType = wrapper.xcdatamodel; path = Treffo.xcdatamodel; sourceTree = "<group>"; };
		986B824E20A3E630000589B4 /* Assets.xcassets */ = {isa = PBXFileReference; lastKnownFileType = folder.assetcatalog; path = Assets.xcassets; sourceTree = "<group>"; };
		986B825120A3E630000589B4 /* Base */ = {isa = PBXFileReference; lastKnownFileType = file.storyboard; name = Base; path = Base.lproj/LaunchScreen.storyboard; sourceTree = "<group>"; };
		986B825320A3E630000589B4 /* Info.plist */ = {isa = PBXFileReference; lastKnownFileType = text.plist.xml; path = Info.plist; sourceTree = "<group>"; };
		98A10C0C20B7A1760034A661 /* GoalType.swift */ = {isa = PBXFileReference; lastKnownFileType = sourcecode.swift; path = GoalType.swift; sourceTree = "<group>"; };
/* End PBXFileReference section */

/* Begin PBXFrameworksBuildPhase section */
		986B823E20A3E62E000589B4 /* Frameworks */ = {
			isa = PBXFrameworksBuildPhase;
			buildActionMask = 2147483647;
			files = (
			);
			runOnlyForDeploymentPostprocessing = 0;
		};
/* End PBXFrameworksBuildPhase section */

/* Begin PBXGroup section */
		986B823820A3E62E000589B4 = {
			isa = PBXGroup;
			children = (
				986B824320A3E62E000589B4 /* Treffo */,
				986B824220A3E62E000589B4 /* Products */,
			);
			sourceTree = "<group>";
		};
		986B824220A3E62E000589B4 /* Products */ = {
			isa = PBXGroup;
			children = (
				986B824120A3E62E000589B4 /* Treffo.app */,
			);
			name = Products;
			sourceTree = "<group>";
		};
		986B824320A3E62E000589B4 /* Treffo */ = {
			isa = PBXGroup;
			children = (
				986B825D20A3E77C000589B4 /* Extensions */,
				986B825C20A3E776000589B4 /* Enums */,
				986B825A20A3E75C000589B4 /* View */,
				986B825920A3E74E000589B4 /* Controller */,
				986B824420A3E62E000589B4 /* AppDelegate.swift */,
				986B824820A3E62E000589B4 /* Main.storyboard */,
				986B824E20A3E630000589B4 /* Assets.xcassets */,
				986B825020A3E630000589B4 /* LaunchScreen.storyboard */,
				986B825320A3E630000589B4 /* Info.plist */,
				986B824B20A3E62E000589B4 /* Treffo.xcdatamodeld */,
			);
			path = Treffo;
			sourceTree = "<group>";
		};
		986B825920A3E74E000589B4 /* Controller */ = {
			isa = PBXGroup;
			children = (
				986B824620A3E62E000589B4 /* GoalsVC.swift */,
			);
			path = Controller;
			sourceTree = "<group>";
		};
		986B825A20A3E75C000589B4 /* View */ = {
			isa = PBXGroup;
			children = (
				986B054420AE0E5900CC179C /* GoalCell.swift */,
			);
			path = View;
			sourceTree = "<group>";
		};
		986B825C20A3E776000589B4 /* Enums */ = {
			isa = PBXGroup;
			children = (
				98A10C0C20B7A1760034A661 /* GoalType.swift */,
			);
			path = Enums;
			sourceTree = "<group>";
		};
		986B825D20A3E77C000589B4 /* Extensions */ = {
			isa = PBXGroup;
			children = (
			);
			path = Extensions;
			sourceTree = "<group>";
		};
/* End PBXGroup section */

/* Begin PBXNativeTarget section */
		986B824020A3E62E000589B4 /* Treffo */ = {
			isa = PBXNativeTarget;
			buildConfigurationList = 986B825620A3E630000589B4 /* Build configuration list for PBXNativeTarget "Treffo" */;
			buildPhases = (
				986B823D20A3E62E000589B4 /* Sources */,
				986B823E20A3E62E000589B4 /* Frameworks */,
				986B823F20A3E62E000589B4 /* Resources */,
			);
			buildRules = (
			);
			dependencies = (
			);
			name = Treffo;
			productName = Treffo;
			productReference = 986B824120A3E62E000589B4 /* Treffo.app */;
			productType = "com.apple.product-type.application";
		};
/* End PBXNativeTarget section */

/* Begin PBXProject section */
		986B823920A3E62E000589B4 /* Project object */ = {
			isa = PBXProject;
			attributes = {
				LastSwiftUpdateCheck = 0930;
				LastUpgradeCheck = 0930;
				ORGANIZATIONNAME = "Sebastian Crossa";
				TargetAttributes = {
					986B824020A3E62E000589B4 = {
						CreatedOnToolsVersion = 9.3;
					};
				};
			};
			buildConfigurationList = 986B823C20A3E62E000589B4 /* Build configuration list for PBXProject "Treffo" */;
			compatibilityVersion = "Xcode 9.3";
			developmentRegion = en;
			hasScannedForEncodings = 0;
			knownRegions = (
				en,
				Base,
			);
			mainGroup = 986B823820A3E62E000589B4;
			productRefGroup = 986B824220A3E62E000589B4 /* Products */;
			projectDirPath = "";
			projectRoot = "";
			targets = (
				986B824020A3E62E000589B4 /* Treffo */,
			);
		};
/* End PBXProject section */

/* Begin PBXResourcesBuildPhase section */
		986B823F20A3E62E000589B4 /* Resources */ = {
			isa = PBXResourcesBuildPhase;
			buildActionMask = 2147483647;
			files = (
				986B825220A3E630000589B4 /* LaunchScreen.storyboard in Resources */,
				986B824F20A3E630000589B4 /* Assets.xcassets in Resources */,
				986B824A20A3E62E000589B4 /* Main.storyboard in Resources */,
			);
			runOnlyForDeploymentPostprocessing = 0;
		};
/* End PBXResourcesBuildPhase section */

/* Begin PBXSourcesBuildPhase section */
		986B823D20A3E62E000589B4 /* Sources */ = {
			isa = PBXSourcesBuildPhase;
			buildActionMask = 2147483647;
			files = (
				986B054520AE0E5900CC179C /* GoalCell.swift in Sources */,
				98A10C0D20B7A1760034A661 /* GoalType.swift in Sources */,
				986B824720A3E62E000589B4 /* GoalsVC.swift in Sources */,
				986B824D20A3E62E000589B4 /* Treffo.xcdatamodeld in Sources */,
				986B824520A3E62E000589B4 /* AppDelegate.swift in Sources */,
			);
			runOnlyForDeploymentPostprocessing = 0;
		};
/* End PBXSourcesBuildPhase section */

/* Begin PBXVariantGroup section */
		986B824820A3E62E000589B4 /* Main.storyboard */ = {
			isa = PBXVariantGroup;
			children = (
				986B824920A3E62E000589B4 /* Base */,
			);
			name = Main.storyboard;
			sourceTree = "<group>";
		};
		986B825020A3E630000589B4 /* LaunchScreen.storyboard */ = {
			isa = PBXVariantGroup;
			children = (
				986B825120A3E630000589B4 /* Base */,
			);
			name = LaunchScreen.storyboard;
			sourceTree = "<group>";
		};
/* End PBXVariantGroup section */

/* Begin XCBuildConfiguration section */
		986B825420A3E630000589B4 /* Debug */ = {
			isa = XCBuildConfiguration;
			buildSettings = {
				ALWAYS_SEARCH_USER_PATHS = NO;
				CLANG_ANALYZER_NONNULL = YES;
				CLANG_ANALYZER_NUMBER_OBJECT_CONVERSION = YES_AGGRESSIVE;
				CLANG_CXX_LANGUAGE_STANDARD = "gnu++14";
				CLANG_CXX_LIBRARY = "libc++";
				CLANG_ENABLE_MODULES = YES;
				CLANG_ENABLE_OBJC_ARC = YES;
				CLANG_ENABLE_OBJC_WEAK = YES;
				CLANG_WARN_BLOCK_CAPTURE_AUTORELEASING = YES;
				CLANG_WARN_BOOL_CONVERSION = YES;
				CLANG_WARN_COMMA = YES;
				CLANG_WARN_CONSTANT_CONVERSION = YES;
				CLANG_WARN_DEPRECATED_OBJC_IMPLEMENTATIONS = YES;
				CLANG_WARN_DIRECT_OBJC_ISA_USAGE = YES_ERROR;
				CLANG_WARN_DOCUMENTATION_COMMENTS = YES;
				CLANG_WARN_EMPTY_BODY = YES;
				CLANG_WARN_ENUM_CONVERSION = YES;
				CLANG_WARN_INFINITE_RECURSION = YES;
				CLANG_WARN_INT_CONVERSION = YES;
				CLANG_WARN_NON_LITERAL_NULL_CONVERSION = YES;
				CLANG_WARN_OBJC_IMPLICIT_RETAIN_SELF = YES;
				CLANG_WARN_OBJC_LITERAL_CONVERSION = YES;
				CLANG_WARN_OBJC_ROOT_CLASS = YES_ERROR;
				CLANG_WARN_RANGE_LOOP_ANALYSIS = YES;
				CLANG_WARN_STRICT_PROTOTYPES = YES;
				CLANG_WARN_SUSPICIOUS_MOVE = YES;
				CLANG_WARN_UNGUARDED_AVAILABILITY = YES_AGGRESSIVE;
				CLANG_WARN_UNREACHABLE_CODE = YES;
				CLANG_WARN__DUPLICATE_METHOD_MATCH = YES;
				CODE_SIGN_IDENTITY = "iPhone Developer";
				COPY_PHASE_STRIP = NO;
				DEBUG_INFORMATION_FORMAT = dwarf;
				ENABLE_STRICT_OBJC_MSGSEND = YES;
				ENABLE_TESTABILITY = YES;
				GCC_C_LANGUAGE_STANDARD = gnu11;
				GCC_DYNAMIC_NO_PIC = NO;
				GCC_NO_COMMON_BLOCKS = YES;
				GCC_OPTIMIZATION_LEVEL = 0;
				GCC_PREPROCESSOR_DEFINITIONS = (
					"DEBUG=1",
					"$(inherited)",
				);
				GCC_WARN_64_TO_32_BIT_CONVERSION = YES;
				GCC_WARN_ABOUT_RETURN_TYPE = YES_ERROR;
				GCC_WARN_UNDECLARED_SELECTOR = YES;
				GCC_WARN_UNINITIALIZED_AUTOS = YES_AGGRESSIVE;
				GCC_WARN_UNUSED_FUNCTION = YES;
				GCC_WARN_UNUSED_VARIABLE = YES;
				IPHONEOS_DEPLOYMENT_TARGET = 11.3;
				MTL_ENABLE_DEBUG_INFO = YES;
				ONLY_ACTIVE_ARCH = YES;
				SDKROOT = iphoneos;
				SWIFT_ACTIVE_COMPILATION_CONDITIONS = DEBUG;
				SWIFT_OPTIMIZATION_LEVEL = "-Onone";
			};
			name = Debug;
		};
		986B825520A3E630000589B4 /* Release */ = {
			isa = XCBuildConfiguration;
			buildSettings = {
				ALWAYS_SEARCH_USER_PATHS = NO;
				CLANG_ANALYZER_NONNULL = YES;
				CLANG_ANALYZER_NUMBER_OBJECT_CONVERSION = YES_AGGRESSIVE;
				CLANG_CXX_LANGUAGE_STANDARD = "gnu++14";
				CLANG_CXX_LIBRARY = "libc++";
				CLANG_ENABLE_MODULES = YES;
				CLANG_ENABLE_OBJC_ARC = YES;
				CLANG_ENABLE_OBJC_WEAK = YES;
				CLANG_WARN_BLOCK_CAPTURE_AUTORELEASING = YES;
				CLANG_WARN_BOOL_CONVERSION = YES;
				CLANG_WARN_COMMA = YES;
				CLANG_WARN_CONSTANT_CONVERSION = YES;
				CLANG_WARN_DEPRECATED_OBJC_IMPLEMENTATIONS = YES;
				CLANG_WARN_DIRECT_OBJC_ISA_USAGE = YES_ERROR;
				CLANG_WARN_DOCUMENTATION_COMMENTS = YES;
				CLANG_WARN_EMPTY_BODY = YES;
				CLANG_WARN_ENUM_CONVERSION = YES;
				CLANG_WARN_INFINITE_RECURSION = YES;
				CLANG_WARN_INT_CONVERSION = YES;
				CLANG_WARN_NON_LITERAL_NULL_CONVERSION = YES;
				CLANG_WARN_OBJC_IMPLICIT_RETAIN_SELF = YES;
				CLANG_WARN_OBJC_LITERAL_CONVERSION = YES;
				CLANG_WARN_OBJC_ROOT_CLASS = YES_ERROR;
				CLANG_WARN_RANGE_LOOP_ANALYSIS = YES;
				CLANG_WARN_STRICT_PROTOTYPES = YES;
				CLANG_WARN_SUSPICIOUS_MOVE = YES;
				CLANG_WARN_UNGUARDED_AVAILABILITY = YES_AGGRESSIVE;
				CLANG_WARN_UNREACHABLE_CODE = YES;
				CLANG_WARN__DUPLICATE_METHOD_MATCH = YES;
				CODE_SIGN_IDENTITY = "iPhone Developer";
				COPY_PHASE_STRIP = NO;
				DEBUG_INFORMATION_FORMAT = "dwarf-with-dsym";
				ENABLE_NS_ASSERTIONS = NO;
				ENABLE_STRICT_OBJC_MSGSEND = YES;
				GCC_C_LANGUAGE_STANDARD = gnu11;
				GCC_NO_COMMON_BLOCKS = YES;
				GCC_WARN_64_TO_32_BIT_CONVERSION = YES;
				GCC_WARN_ABOUT_RETURN_TYPE = YES_ERROR;
				GCC_WARN_UNDECLARED_SELECTOR = YES;
				GCC_WARN_UNINITIALIZED_AUTOS = YES_AGGRESSIVE;
				GCC_WARN_UNUSED_FUNCTION = YES;
				GCC_WARN_UNUSED_VARIABLE = YES;
				IPHONEOS_DEPLOYMENT_TARGET = 11.3;
				MTL_ENABLE_DEBUG_INFO = NO;
				SDKROOT = iphoneos;
				SWIFT_COMPILATION_MODE = wholemodule;
				SWIFT_OPTIMIZATION_LEVEL = "-O";
				VALIDATE_PRODUCT = YES;
			};
			name = Release;
		};
		986B825720A3E630000589B4 /* Debug */ = {
			isa = XCBuildConfiguration;
			buildSettings = {
				ASSETCATALOG_COMPILER_APPICON_NAME = AppIcon;
				CODE_SIGN_STYLE = Automatic;
				DEVELOPMENT_TEAM = 29BFEDRFS6;
				INFOPLIST_FILE = Treffo/Info.plist;
				LD_RUNPATH_SEARCH_PATHS = (
					"$(inherited)",
					"@executable_path/Frameworks",
				);
				PRODUCT_BUNDLE_IDENTIFIER = com.sebastiancrossa.Treffo;
				PRODUCT_NAME = "$(TARGET_NAME)";
				SWIFT_VERSION = 4.0;
				TARGETED_DEVICE_FAMILY = "1,2";
			};
			name = Debug;
		};
		986B825820A3E630000589B4 /* Release */ = {
			isa = XCBuildConfiguration;
			buildSettings = {
				ASSETCATALOG_COMPILER_APPICON_NAME = AppIcon;
				CODE_SIGN_STYLE = Automatic;
				DEVELOPMENT_TEAM = 29BFEDRFS6;
				INFOPLIST_FILE = Treffo/Info.plist;
				LD_RUNPATH_SEARCH_PATHS = (
					"$(inherited)",
					"@executable_path/Frameworks",
				);
				PRODUCT_BUNDLE_IDENTIFIER = com.sebastiancrossa.Treffo;
				PRODUCT_NAME = "$(TARGET_NAME)";
				SWIFT_VERSION = 4.0;
				TARGETED_DEVICE_FAMILY = "1,2";
			};
			name = Release;
		};
/* End XCBuildConfiguration section */

/* Begin XCConfigurationList section */
		986B823C20A3E62E000589B4 /* Build configuration list for PBXProject "Treffo" */ = {
			isa = XCConfigurationList;
			buildConfigurations = (
				986B825420A3E630000589B4 /* Debug */,
				986B825520A3E630000589B4 /* Release */,
			);
			defaultConfigurationIsVisible = 0;
			defaultConfigurationName = Release;
		};
		986B825620A3E630000589B4 /* Build configuration list for PBXNativeTarget "Treffo" */ = {
			isa = XCConfigurationList;
			buildConfigurations = (
				986B825720A3E630000589B4 /* Debug */,
				986B825820A3E630000589B4 /* Release */,
			);
			defaultConfigurationIsVisible = 0;
			defaultConfigurationName = Release;
		};
/* End XCConfigurationList section */

/* Begin XCVersionGroup section */
		986B824B20A3E62E000589B4 /* Treffo.xcdatamodeld */ = {
			isa = XCVersionGroup;
			children = (
				986B824C20A3E62E000589B4 /* Treffo.xcdatamodel */,
			);
			currentVersion = 986B824C20A3E62E000589B4 /* Treffo.xcdatamodel */;
			path = Treffo.xcdatamodeld;
			sourceTree = "<group>";
			versionGroupType = wrapper.xcdatamodel;
		};
/* End XCVersionGroup section */
	};
	rootObject = 986B823920A3E62E000589B4 /* Project object */;
}
